# This file is automatically @generated by Poetry 1.8.4 and should not be changed by hand.

[[package]]
name = "chess"
version = "1.11.2"
description = "A chess library with move generation and validation, Polyglot opening book probing, PGN reading and writing, Gaviota tablebase probing, Syzygy tablebase probing, and XBoard/UCI engine communication."
optional = false
python-versions = ">=3.8"
files = [
    {file = "chess-1.11.2.tar.gz", hash = "sha256:a8b43e5678fdb3000695bdaa573117ad683761e5ca38e591c4826eba6d25bb39"},
]

[metadata]
lock-version = "2.0"
python-versions = "^3.10"
content-hash = "dc4895c7380b41e506e7bceead5084d3e8da205e04b451a5a003cd8eb702ab13"
